
Microsoft Visual Studio Solution File, Format Version 12.00
# Visual Studio Version 17
VisualStudioVersion = 17.8.34330.188
MinimumVisualStudioVersion = 10.0.40219.1
Project("{9A19103F-16F7-4668-BE54-9A1E7A4F7556}") = "RMRS.ConsoleApp", "RMRS.ConsoleApp\RMRS.ConsoleApp.csproj", "{71311FE7-B546-4896-A68C-1B9BC9104761}"
EndProject
Global
	GlobalSection(SolutionConfigurationPlatforms) = preSolution
		Debug|Any CPU = Debug|Any CPU
		Release|Any CPU = Release|Any CPU
	EndGlobalSection
	GlobalSection(ProjectConfigurationPlatforms) = postSolution
		{71311FE7-B546-4896-A68C-1B9BC9104761}.Debug|Any CPU.ActiveCfg = Debug|Any CPU
		{71311FE7-B546-4896-A68C-1B9BC9104761}.Debug|Any CPU.Build.0 = Debug|Any CPU
		{71311FE7-B546-4896-A68C-1B9BC9104761}.Release|Any CPU.ActiveCfg = Release|Any CPU
		{71311FE7-B546-4896-A68C-1B9BC9104761}.Release|Any CPU.Build.0 = Release|Any CPU
	EndGlobalSection
	GlobalSection(SolutionProperties) = preSolution
		HideSolutionNode = FALSE
	EndGlobalSection
	GlobalSection(ExtensibilityGlobals) = postSolution
		SolutionGuid = {6DAA4199-61EE-4588-A8C8-DEF5B562F23B}
	EndGlobalSection
EndGlobal
